
Microsoft Visual Studio Solution File, Format Version 12.00
# Visual Studio Version 17
VisualStudioVersion = 17.5.002.0
MinimumVisualStudioVersion = 10.0.40219.1
Project("{9A19103F-16F7-4668-BE54-9A1E7A4F7556}") = "Tile.Core.Mac", "Tile.Core.Mac.csproj", "{F549A837-D439-4FBC-8EAC-2623F9CB2EA3}"
EndProject
Global
	GlobalSection(SolutionConfigurationPlatforms) = preSolution
		Debug|Any CPU = Debug|Any CPU
		Release|Any CPU = Release|Any CPU
	EndGlobalSection
	GlobalSection(ProjectConfigurationPlatforms) = postSolution
		{F549A837-D439-4FBC-8EAC-2623F9CB2EA3}.Debug|Any CPU.ActiveCfg = Debug|Any CPU
		{F549A837-D439-4FBC-8EAC-2623F9CB2EA3}.Debug|Any CPU.Build.0 = Debug|Any CPU
		{F549A837-D439-4FBC-8EAC-2623F9CB2EA3}.Release|Any CPU.ActiveCfg = Release|Any CPU
		{F549A837-D439-4FBC-8EAC-2623F9CB2EA3}.Release|Any CPU.Build.0 = Release|Any CPU
	EndGlobalSection
	GlobalSection(SolutionProperties) = preSolution
		HideSolutionNode = FALSE
	EndGlobalSection
	GlobalSection(ExtensibilityGlobals) = postSolution
		SolutionGuid = {CFFEF95D-CCCA-46BC-B4B4-7716DD0B1DE6}
	EndGlobalSection
EndGlobal
